
Microsoft Visual Studio Solution File, Format Version 12.00
# Visual Studio Version 16
VisualStudioVersion = 16.0.31112.23
MinimumVisualStudioVersion = 10.0.40219.1
Project("{9092AA53-FB77-4645-B42D-1CCCA6BD08BD}") = "Website", "Website.njsproj", "{54728F54-352E-4E56-82BD-80CEDA57CB51}"
EndProject
Global
	GlobalSection(SolutionConfigurationPlatforms) = preSolution
		Debug|Any CPU = Debug|Any CPU
		Release|Any CPU = Release|Any CPU
	EndGlobalSection
	GlobalSection(ProjectConfigurationPlatforms) = postSolution
		{54728F54-352E-4E56-82BD-80CEDA57CB51}.Debug|Any CPU.ActiveCfg = Debug|Any CPU
		{54728F54-352E-4E56-82BD-80CEDA57CB51}.Debug|Any CPU.Build.0 = Debug|Any CPU
		{54728F54-352E-4E56-82BD-80CEDA57CB51}.Release|Any CPU.ActiveCfg = Release|Any CPU
		{54728F54-352E-4E56-82BD-80CEDA57CB51}.Release|Any CPU.Build.0 = Release|Any CPU
	EndGlobalSection
	GlobalSection(SolutionProperties) = preSolution
		HideSolutionNode = FALSE
	EndGlobalSection
	GlobalSection(ExtensibilityGlobals) = postSolution
		SolutionGuid = {54376916-AF55-4EB1-A1B8-7A34E12A38FD}
	EndGlobalSection
EndGlobal
